Microsoft Visual Studio Solution File, Format Version 12.00
# Visual Studio Version 16
VisualStudioVersion = 16.0.30406.217
MinimumVisualStudioVersion = 15.0.26124.0
Project("{9A19103F-16F7-4668-BE54-9A1E7A4F7556}") = "SodaPop.ConfigExplorer", "src\SodaPop.ConfigExplorer.csproj", "{DF8EEA99-8FFA-42D0-820F-EE06BFFFC28C}"
EndProject
Project("{9A19103F-16F7-4668-BE54-9A1E7A4F7556}") = "SodaPop.ConfigExplorer.Tests", "tests\SodaPop.ConfigExplorer.Tests.csproj", "{AA8CF925-9336-49DD-9B1A-0243C7DA51E4}"
EndProject
Project("{2150E333-8FDC-42A3-9474-1A3956D46DE8}") = "samples", "samples", "{5FC26862-C432-41C1-AC64-8F688744DC78}"
EndProject
Project("{9A19103F-16F7-4668-BE54-9A1E7A4F7556}") = "SodaPop.ConfigExplorer.Sample2.1", "samples\Sample2.1\SodaPop.ConfigExplorer.Sample2.1.csproj", "{95975569-A42B-4375-A604-2A30A7029DE8}"
EndProject
Project("{9A19103F-16F7-4668-BE54-9A1E7A4F7556}") = "SodaPop.ConfigExplorer.Sample3.1", "samples\Sample3.1\SodaPop.ConfigExplorer.Sample3.1.csproj", "{669FC956-EBD4-4E18-A05E-EE3E68742D73}"
EndProject
Project("{FAE04EC0-301F-11D3-BF4B-00C04F79EFBC}") = "SodaPop.ConfigExplorer.Sample5.0", "samples\Sample5.0\SodaPop.ConfigExplorer.Sample5.0.csproj", "{6BBD074B-808F-422C-AC02-ABCE3E0DC6FF}"
EndProject
Global
	GlobalSection(SolutionConfigurationPlatforms) = preSolution
		Debug|Any CPU = Debug|Any CPU
		Debug|x64 = Debug|x64
		Debug|x86 = Debug|x86
		Release|Any CPU = Release|Any CPU
		Release|x64 = Release|x64
		Release|x86 = Release|x86
	EndGlobalSection
	GlobalSection(ProjectConfigurationPlatforms) = postSolution
		{DF8EEA99-8FFA-42D0-820F-EE06BFFFC28C}.Debug|Any CPU.ActiveCfg = Debug|Any CPU
		{DF8EEA99-8FFA-42D0-820F-EE06BFFFC28C}.Debug|Any CPU.Build.0 = Debug|Any CPU
		{DF8EEA99-8FFA-42D0-820F-EE06BFFFC28C}.Debug|x64.ActiveCfg = Debug|Any CPU
		{DF8EEA99-8FFA-42D0-820F-EE06BFFFC28C}.Debug|x64.Build.0 = Debug|Any CPU
		{DF8EEA99-8FFA-42D0-820F-EE06BFFFC28C}.Debug|x86.ActiveCfg = Debug|Any CPU
		{DF8EEA99-8FFA-42D0-820F-EE06BFFFC28C}.Debug|x86.Build.0 = Debug|Any CPU
		{DF8EEA99-8FFA-42D0-820F-EE06BFFFC28C}.Release|Any CPU.ActiveCfg = Release|Any CPU
		{DF8EEA99-8FFA-42D0-820F-EE06BFFFC28C}.Release|Any CPU.Build.0 = Release|Any CPU
		{DF8EEA99-8FFA-42D0-820F-EE06BFFFC28C}.Release|x64.ActiveCfg = Release|Any CPU
		{DF8EEA99-8FFA-42D0-820F-EE06BFFFC28C}.Release|x64.Build.0 = Release|Any CPU
		{DF8EEA99-8FFA-42D0-820F-EE06BFFFC28C}.Release|x86.ActiveCfg = Release|Any CPU
		{DF8EEA99-8FFA-42D0-820F-EE06BFFFC28C}.Release|x86.Build.0 = Release|Any CPU
		{AA8CF925-9336-49DD-9B1A-0243C7DA51E4}.Debug|Any CPU.ActiveCfg = Debug|Any CPU
		{AA8CF925-9336-49DD-9B1A-0243C7DA51E4}.Debug|Any CPU.Build.0 = Debug|Any CPU
		{AA8CF925-9336-49DD-9B1A-0243C7DA51E4}.Debug|x64.ActiveCfg = Debug|Any CPU
		{AA8CF925-9336-49DD-9B1A-0243C7DA51E4}.Debug|x64.Build.0 = Debug|Any CPU
		{AA8CF925-9336-49DD-9B1A-0243C7DA51E4}.Debug|x86.ActiveCfg = Debug|Any CPU
		{AA8CF925-9336-49DD-9B1A-0243C7DA51E4}.Debug|x86.Build.0 = Debug|Any CPU
		{AA8CF925-9336-49DD-9B1A-0243C7DA51E4}.Release|Any CPU.ActiveCfg = Release|Any CPU
		{AA8CF925-9336-49DD-9B1A-0243C7DA51E4}.Release|Any CPU.Build.0 = Release|Any CPU
		{AA8CF925-9336-49DD-9B1A-0243C7DA51E4}.Release|x64.ActiveCfg = Release|Any CPU
		{AA8CF925-9336-49DD-9B1A-0243C7DA51E4}.Release|x64.Build.0 = Release|Any CPU
		{AA8CF925-9336-49DD-9B1A-0243C7DA51E4}.Release|x86.ActiveCfg = Release|Any CPU
		{AA8CF925-9336-49DD-9B1A-0243C7DA51E4}.Release|x86.Build.0 = Release|Any CPU
		{95975569-A42B-4375-A604-2A30A7029DE8}.Debug|Any CPU.ActiveCfg = Debug|Any CPU
		{95975569-A42B-4375-A604-2A30A7029DE8}.Debug|Any CPU.Build.0 = Debug|Any CPU
		{95975569-A42B-4375-A604-2A30A7029DE8}.Debug|x64.ActiveCfg = Debug|Any CPU
		{95975569-A42B-4375-A604-2A30A7029DE8}.Debug|x64.Build.0 = Debug|Any CPU
		{95975569-A42B-4375-A604-2A30A7029DE8}.Debug|x86.ActiveCfg = Debug|Any CPU
		{95975569-A42B-4375-A604-2A30A7029DE8}.Debug|x86.Build.0 = Debug|Any CPU
		{95975569-A42B-4375-A604-2A30A7029DE8}.Release|Any CPU.ActiveCfg = Release|Any CPU
		{95975569-A42B-4375-A604-2A30A7029DE8}.Release|Any CPU.Build.0 = Release|Any CPU
		{95975569-A42B-4375-A604-2A30A7029DE8}.Release|x64.ActiveCfg = Release|Any CPU
		{95975569-A42B-4375-A604-2A30A7029DE8}.Release|x64.Build.0 = Release|Any CPU
		{95975569-A42B-4375-A604-2A30A7029DE8}.Release|x86.ActiveCfg = Release|Any CPU
		{95975569-A42B-4375-A604-2A30A7029DE8}.Release|x86.Build.0 = Release|Any CPU
		{669FC956-EBD4-4E18-A05E-EE3E68742D73}.Debug|Any CPU.ActiveCfg = Debug|Any CPU
		{669FC956-EBD4-4E18-A05E-EE3E68742D73}.Debug|Any CPU.Build.0 = Debug|Any CPU
		{669FC956-EBD4-4E18-A05E-EE3E68742D73}.Debug|x64.ActiveCfg = Debug|Any CPU
		{669FC956-EBD4-4E18-A05E-EE3E68742D73}.Debug|x64.Build.0 = Debug|Any CPU
		{669FC956-EBD4-4E18-A05E-EE3E68742D73}.Debug|x86.ActiveCfg = Debug|Any CPU
		{669FC956-EBD4-4E18-A05E-EE3E68742D73}.Debug|x86.Build.0 = Debug|Any CPU
		{669FC956-EBD4-4E18-A05E-EE3E68742D73}.Release|Any CPU.ActiveCfg = Release|Any CPU
		{669FC956-EBD4-4E18-A05E-EE3E68742D73}.Release|Any CPU.Build.0 = Release|Any CPU
		{669FC956-EBD4-4E18-A05E-EE3E68742D73}.Release|x64.ActiveCfg = Release|Any CPU
		{669FC956-EBD4-4E18-A05E-EE3E68742D73}.Release|x64.Build.0 = Release|Any CPU
		{669FC956-EBD4-4E18-A05E-EE3E68742D73}.Release|x86.ActiveCfg = Release|Any CPU
		{669FC956-EBD4-4E18-A05E-EE3E68742D73}.Release|x86.Build.0 = Release|Any CPU
		{6BBD074B-808F-422C-AC02-ABCE3E0DC6FF}.Debug|Any CPU.ActiveCfg = Debug|Any CPU
		{6BBD074B-808F-422C-AC02-ABCE3E0DC6FF}.Debug|Any CPU.Build.0 = Debug|Any CPU
		{6BBD074B-808F-422C-AC02-ABCE3E0DC6FF}.Debug|x64.ActiveCfg = Debug|Any CPU
		{6BBD074B-808F-422C-AC02-ABCE3E0DC6FF}.Debug|x64.Build.0 = Debug|Any CPU
		{6BBD074B-808F-422C-AC02-ABCE3E0DC6FF}.Debug|x86.ActiveCfg = Debug|Any CPU
		{6BBD074B-808F-422C-AC02-ABCE3E0DC6FF}.Debug|x86.Build.0 = Debug|Any CPU
		{6BBD074B-808F-422C-AC02-ABCE3E0DC6FF}.Release|Any CPU.ActiveCfg = Release|Any CPU
		{6BBD074B-808F-422C-AC02-ABCE3E0DC6FF}.Release|Any CPU.Build.0 = Release|Any CPU
		{6BBD074B-808F-422C-AC02-ABCE3E0DC6FF}.Release|x64.ActiveCfg = Release|Any CPU
		{6BBD074B-808F-422C-AC02-ABCE3E0DC6FF}.Release|x64.Build.0 = Release|Any CPU
		{6BBD074B-808F-422C-AC02-ABCE3E0DC6FF}.Release|x86.ActiveCfg = Release|Any CPU
		{6BBD074B-808F-422C-AC02-ABCE3E0DC6FF}.Release|x86.Build.0 = Release|Any CPU
	EndGlobalSection
	GlobalSection(SolutionProperties) = preSolution
		HideSolutionNode = FALSE
	EndGlobalSection
	GlobalSection(NestedProjects) = preSolution
		{95975569-A42B-4375-A604-2A30A7029DE8} = {5FC26862-C432-41C1-AC64-8F688744DC78}
		{669FC956-EBD4-4E18-A05E-EE3E68742D73} = {5FC26862-C432-41C1-AC64-8F688744DC78}
		{6BBD074B-808F-422C-AC02-ABCE3E0DC6FF} = {5FC26862-C432-41C1-AC64-8F688744DC78}
	EndGlobalSection
	GlobalSection(ExtensibilityGlobals) = postSolution
		SolutionGuid = {7ED284E2-60E6-42EB-8FBC-036443C2B2B1}
	EndGlobalSection
EndGlobal
